github.com/openfaas/templates-sdk/go-http v0.0.0-20220408082716-5981c545cb03 h1:wMIW4ddCuogcuXcFO77BPSMI33s3QTXqLTOHY6mLqFw=
github.com/openfaas/templates-sdk/go-http v0.0.0-20220408082716-5981c545cb03/go.mod h1:2vlqdjIdqUjZphguuCAjoMz6QRPm2O8UT0TaAjd39S8=
github.com/sarailQAQ/faased-netpan v0.0.0-20230413091434-24878cd706f1 h1:sLlnzvFbdhMA0F3T0RtzLkMAgA9OTiDV/dK9T7aBrn8=
github.com/sarailQAQ/faased-netpan v0.0.0-20230413091434-24878cd706f1/go.mod h1:2km34iagAVO26DMP63SsRv/GM+87Gcbqz24CfPScHJ4=
